# Paste-ready transfer_failures block for schemas/af_scc_c0_vacuum.yaml
# Produced by deepseek-flash-15, FORM-GEN-05 rev3. ADVISORY ONLY: the schema owner decides.
# Pinned to genericity_matrix.json sha256 ee60e46458e1... and to the schema revision whose
# transfer_failures it replaces (af_scc_c0_vacuum.yaml sha256 0150bfdf671b... at check time).
# Every witness is self-contained; citation_status n/a means no external source is needed.
#
# Two changes vs the current block:
#   1. open_dense_escape -> residual_comeager is a DEFINITIONAL TRANSFER (holds), not no_transfer.
#      The old witness "open dense does not imply comeager" is false as stated. The converse
#      (residual -> open_dense) is the true no_transfer row and is listed reversed.
#   2. full_measure -> residual_comeager witness corrected to the direction it supports.
#
transfer_failures:
  - {pair: [residual_comeager, full_measure], direction: no_transfer,
     witness: "W1: a comeager set can be measure-zero (thicken an enumeration of Q in [0,1] into open dense U_n with lambda(U_n) <= 2^-n; G = intersection U_n is comeager, lambda(G)=0)",
     status: standard_fact, citation_status: "n/a"}
  - {pair: [full_measure, residual_comeager], direction: no_transfer,
     witness: "W2: the complement of W1's G is meager and has full measure",
     status: standard_fact, citation_status: "n/a"}
  - {pair: [residual_comeager, open_dense_escape], direction: no_transfer,
     witness: "W3: the irrationals in [0,1] are comeager and have empty interior, hence contain no nonempty open set",
     status: standard_fact, citation_status: "n/a"}
  - {pair: [open_dense_escape, residual_comeager], direction: transfer_holds,
     witness: "Definitional: an open dense set is a countable intersection of open dense sets (the one-set intersection), hence comeager",
     status: elementary, citation_status: "n/a"}
  - {pair: [open_dense_escape, full_measure], direction: no_transfer,
     witness: "W4: the complement of the Smith-Volterra-Cantor set is open dense with measure < 1",
     status: standard_fact, citation_status: "n/a"}
  - {pair: [full_measure, finite_codimension_complement], direction: no_transfer,
     witness: "W5: the complement of the middle-thirds Cantor set has full measure; a closed codim>=1 submanifold of a 1-manifold is finite and cannot contain the Cantor set",
     status: standard_fact, citation_status: "n/a"}
  - {pair: [finite_codimension_complement, residual_comeager], direction: transfer_holds,
     witness: "Definitional: a closed proper finite-codimension submanifold has empty interior, so its complement is open dense, hence comeager",
     status: elementary, citation_status: "n/a"}
  - {pair: [finite_codimension_complement, open_dense_escape], direction: transfer_holds,
     witness: "Definitional: complement of a closed proper finite-codimension submanifold is open and dense",
     status: elementary, citation_status: "n/a"}
  - {pair: [finite_codimension_complement, full_measure], direction: open,
     witness: "W6: mu = delta_0 on [0,1], Z = {0} gives mu(Z)=1; the transfer needs a declared measure class with mu(Z)=0",
     status: open_pending_measure_class, citation_status: unresolved}
